
Microsoft Visual Studio Solution File, Format Version 12.00
# Visual Studio Version 16
VisualStudioVersion = 16.0.29123.88
MinimumVisualStudioVersion = 10.0.40219.1
Project("{FAE04EC0-301F-11D3-BF4B-00C04F79EFBC}") = "CustomTaskScheduler", "CustomTaskScheduler\CustomTaskScheduler.csproj", "{1D88346B-1CC9-469B-ACDE-1B5C9E8880B2}"
EndProject
Project("{FAE04EC0-301F-11D3-BF4B-00C04F79EFBC}") = "CustomTaskSchedulerTests", "MyBestTaskSchedulerTests\CustomTaskSchedulerTests.csproj", "{B712CF2A-1588-47D4-B3C9-95A3F749BE1A}"
EndProject
Project("{FAE04EC0-301F-11D3-BF4B-00C04F79EFBC}") = "Expressions", "Expressions\Expressions.csproj", "{099C638D-8839-402A-8045-9BD4F7F8FE6C}"
EndProject
Project("{FAE04EC0-301F-11D3-BF4B-00C04F79EFBC}") = "ExpressionsTests", "ExpressionsTests\ExpressionsTests.csproj", "{C9C3B029-AB73-4B4C-9101-DC62227FE90D}"
EndProject
Project("{FAE04EC0-301F-11D3-BF4B-00C04F79EFBC}") = "InteropPowerStateLibrary", "ManagedPowerStateLibrary\InteropPowerStateLibrary.csproj", "{44F0E88F-3645-4D6C-A825-AF014B2FE1A1}"
EndProject
Project("{FAE04EC0-301F-11D3-BF4B-00C04F79EFBC}") = "InteropPowerStateLibraryTests", "InteropPowerStateLibraryTests\InteropPowerStateLibraryTests.csproj", "{DA8A579F-EC96-4094-8372-123A3993D13E}"
EndProject
Project("{FAE04EC0-301F-11D3-BF4B-00C04F79EFBC}") = "MyComServer", "MyComServer\MyComServer.csproj", "{57EAC433-0CF4-470E-AE00-A7E3ACC4459C}"
EndProject
Project("{8BC9CEB8-8B4A-11D0-8D11-00A0C91BC942}") = "UnmanagedPowerStateLibraray", "UnmanagedPowerStateLibraray\UnmanagedPowerStateLibraray.vcxproj", "{29278E13-BCBE-43D4-A161-CC1E8CF77C6B}"
EndProject
Project("{FAE04EC0-301F-11D3-BF4B-00C04F79EFBC}") = "MyKafkaProducerService", "MyKafkaProducerService\MyKafkaProducerService.csproj", "{A101FFC3-DEB5-40DD-AA20-7490741A5495}"
EndProject
Project("{FAE04EC0-301F-11D3-BF4B-00C04F79EFBC}") = "MyKafka.Common", "MyKafka.Common\MyKafka.Common.csproj", "{23747F29-2A7A-4228-BBE3-B10FDFAEB82D}"
EndProject
Project("{FAE04EC0-301F-11D3-BF4B-00C04F79EFBC}") = "MyKafkaConsumerService", "MyKafkaConsumerService\MyKafkaConsumerService.csproj", "{F793548B-F628-4998-BF46-C8F39CA5CD41}"
EndProject
Global
	GlobalSection(SolutionConfigurationPlatforms) = preSolution
		Debug|Any CPU = Debug|Any CPU
		Debug|x64 = Debug|x64
		Debug|x86 = Debug|x86
		Release|Any CPU = Release|Any CPU
		Release|x64 = Release|x64
		Release|x86 = Release|x86
	EndGlobalSection
	GlobalSection(ProjectConfigurationPlatforms) = postSolution
		{1D88346B-1CC9-469B-ACDE-1B5C9E8880B2}.Debug|Any CPU.ActiveCfg = Debug|Any CPU
		{1D88346B-1CC9-469B-ACDE-1B5C9E8880B2}.Debug|Any CPU.Build.0 = Debug|Any CPU
		{1D88346B-1CC9-469B-ACDE-1B5C9E8880B2}.Debug|x64.ActiveCfg = Debug|Any CPU
		{1D88346B-1CC9-469B-ACDE-1B5C9E8880B2}.Debug|x64.Build.0 = Debug|Any CPU
		{1D88346B-1CC9-469B-ACDE-1B5C9E8880B2}.Debug|x86.ActiveCfg = Debug|Any CPU
		{1D88346B-1CC9-469B-ACDE-1B5C9E8880B2}.Debug|x86.Build.0 = Debug|Any CPU
		{1D88346B-1CC9-469B-ACDE-1B5C9E8880B2}.Release|Any CPU.ActiveCfg = Release|Any CPU
		{1D88346B-1CC9-469B-ACDE-1B5C9E8880B2}.Release|Any CPU.Build.0 = Release|Any CPU
		{1D88346B-1CC9-469B-ACDE-1B5C9E8880B2}.Release|x64.ActiveCfg = Release|Any CPU
		{1D88346B-1CC9-469B-ACDE-1B5C9E8880B2}.Release|x64.Build.0 = Release|Any CPU
		{1D88346B-1CC9-469B-ACDE-1B5C9E8880B2}.Release|x86.ActiveCfg = Release|Any CPU
		{1D88346B-1CC9-469B-ACDE-1B5C9E8880B2}.Release|x86.Build.0 = Release|Any CPU
		{B712CF2A-1588-47D4-B3C9-95A3F749BE1A}.Debug|Any CPU.ActiveCfg = Debug|Any CPU
		{B712CF2A-1588-47D4-B3C9-95A3F749BE1A}.Debug|Any CPU.Build.0 = Debug|Any CPU
		{B712CF2A-1588-47D4-B3C9-95A3F749BE1A}.Debug|x64.ActiveCfg = Debug|Any CPU
		{B712CF2A-1588-47D4-B3C9-95A3F749BE1A}.Debug|x64.Build.0 = Debug|Any CPU
		{B712CF2A-1588-47D4-B3C9-95A3F749BE1A}.Debug|x86.ActiveCfg = Debug|Any CPU
		{B712CF2A-1588-47D4-B3C9-95A3F749BE1A}.Debug|x86.Build.0 = Debug|Any CPU
		{B712CF2A-1588-47D4-B3C9-95A3F749BE1A}.Release|Any CPU.ActiveCfg = Release|Any CPU
		{B712CF2A-1588-47D4-B3C9-95A3F749BE1A}.Release|Any CPU.Build.0 = Release|Any CPU
		{B712CF2A-1588-47D4-B3C9-95A3F749BE1A}.Release|x64.ActiveCfg = Release|Any CPU
		{B712CF2A-1588-47D4-B3C9-95A3F749BE1A}.Release|x64.Build.0 = Release|Any CPU
		{B712CF2A-1588-47D4-B3C9-95A3F749BE1A}.Release|x86.ActiveCfg = Release|Any CPU
		{B712CF2A-1588-47D4-B3C9-95A3F749BE1A}.Release|x86.Build.0 = Release|Any CPU
		{099C638D-8839-402A-8045-9BD4F7F8FE6C}.Debug|Any CPU.ActiveCfg = Debug|Any CPU
		{099C638D-8839-402A-8045-9BD4F7F8FE6C}.Debug|Any CPU.Build.0 = Debug|Any CPU
		{099C638D-8839-402A-8045-9BD4F7F8FE6C}.Debug|x64.ActiveCfg = Debug|Any CPU
		{099C638D-8839-402A-8045-9BD4F7F8FE6C}.Debug|x64.Build.0 = Debug|Any CPU
		{099C638D-8839-402A-8045-9BD4F7F8FE6C}.Debug|x86.ActiveCfg = Debug|Any CPU
		{099C638D-8839-402A-8045-9BD4F7F8FE6C}.Debug|x86.Build.0 = Debug|Any CPU
		{099C638D-8839-402A-8045-9BD4F7F8FE6C}.Release|Any CPU.ActiveCfg = Release|Any CPU
		{099C638D-8839-402A-8045-9BD4F7F8FE6C}.Release|Any CPU.Build.0 = Release|Any CPU
		{099C638D-8839-402A-8045-9BD4F7F8FE6C}.Release|x64.ActiveCfg = Release|Any CPU
		{099C638D-8839-402A-8045-9BD4F7F8FE6C}.Release|x64.Build.0 = Release|Any CPU
		{099C638D-8839-402A-8045-9BD4F7F8FE6C}.Release|x86.ActiveCfg = Release|Any CPU
		{099C638D-8839-402A-8045-9BD4F7F8FE6C}.Release|x86.Build.0 = Release|Any CPU
		{C9C3B029-AB73-4B4C-9101-DC62227FE90D}.Debug|Any CPU.ActiveCfg = Debug|Any CPU
		{C9C3B029-AB73-4B4C-9101-DC62227FE90D}.Debug|Any CPU.Build.0 = Debug|Any CPU
		{C9C3B029-AB73-4B4C-9101-DC62227FE90D}.Debug|x64.ActiveCfg = Debug|Any CPU
		{C9C3B029-AB73-4B4C-9101-DC62227FE90D}.Debug|x64.Build.0 = Debug|Any CPU
		{C9C3B029-AB73-4B4C-9101-DC62227FE90D}.Debug|x86.ActiveCfg = Debug|Any CPU
		{C9C3B029-AB73-4B4C-9101-DC62227FE90D}.Debug|x86.Build.0 = Debug|Any CPU
		{C9C3B029-AB73-4B4C-9101-DC62227FE90D}.Release|Any CPU.ActiveCfg = Release|Any CPU
		{C9C3B029-AB73-4B4C-9101-DC62227FE90D}.Release|Any CPU.Build.0 = Release|Any CPU
		{C9C3B029-AB73-4B4C-9101-DC62227FE90D}.Release|x64.ActiveCfg = Release|Any CPU
		{C9C3B029-AB73-4B4C-9101-DC62227FE90D}.Release|x64.Build.0 = Release|Any CPU
		{C9C3B029-AB73-4B4C-9101-DC62227FE90D}.Release|x86.ActiveCfg = Release|Any CPU
		{C9C3B029-AB73-4B4C-9101-DC62227FE90D}.Release|x86.Build.0 = Release|Any CPU
		{44F0E88F-3645-4D6C-A825-AF014B2FE1A1}.Debug|Any CPU.ActiveCfg = Debug|Any CPU
		{44F0E88F-3645-4D6C-A825-AF014B2FE1A1}.Debug|Any CPU.Build.0 = Debug|Any CPU
		{44F0E88F-3645-4D6C-A825-AF014B2FE1A1}.Debug|x64.ActiveCfg = Debug|Any CPU
		{44F0E88F-3645-4D6C-A825-AF014B2FE1A1}.Debug|x64.Build.0 = Debug|Any CPU
		{44F0E88F-3645-4D6C-A825-AF014B2FE1A1}.Debug|x86.ActiveCfg = Debug|Any CPU
		{44F0E88F-3645-4D6C-A825-AF014B2FE1A1}.Debug|x86.Build.0 = Debug|Any CPU
		{44F0E88F-3645-4D6C-A825-AF014B2FE1A1}.Release|Any CPU.ActiveCfg = Release|Any CPU
		{44F0E88F-3645-4D6C-A825-AF014B2FE1A1}.Release|Any CPU.Build.0 = Release|Any CPU
		{44F0E88F-3645-4D6C-A825-AF014B2FE1A1}.Release|x64.ActiveCfg = Release|Any CPU
		{44F0E88F-3645-4D6C-A825-AF014B2FE1A1}.Release|x64.Build.0 = Release|Any CPU
		{44F0E88F-3645-4D6C-A825-AF014B2FE1A1}.Release|x86.ActiveCfg = Release|Any CPU
		{44F0E88F-3645-4D6C-A825-AF014B2FE1A1}.Release|x86.Build.0 = Release|Any CPU
		{DA8A579F-EC96-4094-8372-123A3993D13E}.Debug|Any CPU.ActiveCfg = Debug|Any CPU
		{DA8A579F-EC96-4094-8372-123A3993D13E}.Debug|Any CPU.Build.0 = Debug|Any CPU
		{DA8A579F-EC96-4094-8372-123A3993D13E}.Debug|x64.ActiveCfg = Debug|Any CPU
		{DA8A579F-EC96-4094-8372-123A3993D13E}.Debug|x64.Build.0 = Debug|Any CPU
		{DA8A579F-EC96-4094-8372-123A3993D13E}.Debug|x86.ActiveCfg = Debug|Any CPU
		{DA8A579F-EC96-4094-8372-123A3993D13E}.Debug|x86.Build.0 = Debug|Any CPU
		{DA8A579F-EC96-4094-8372-123A3993D13E}.Release|Any CPU.ActiveCfg = Release|Any CPU
		{DA8A579F-EC96-4094-8372-123A3993D13E}.Release|Any CPU.Build.0 = Release|Any CPU
		{DA8A579F-EC96-4094-8372-123A3993D13E}.Release|x64.ActiveCfg = Release|Any CPU
		{DA8A579F-EC96-4094-8372-123A3993D13E}.Release|x64.Build.0 = Release|Any CPU
		{DA8A579F-EC96-4094-8372-123A3993D13E}.Release|x86.ActiveCfg = Release|Any CPU
		{DA8A579F-EC96-4094-8372-123A3993D13E}.Release|x86.Build.0 = Release|Any CPU
		{57EAC433-0CF4-470E-AE00-A7E3ACC4459C}.Debug|Any CPU.ActiveCfg = Debug|Any CPU
		{57EAC433-0CF4-470E-AE00-A7E3ACC4459C}.Debug|Any CPU.Build.0 = Debug|Any CPU
		{57EAC433-0CF4-470E-AE00-A7E3ACC4459C}.Debug|x64.ActiveCfg = Debug|Any CPU
		{57EAC433-0CF4-470E-AE00-A7E3ACC4459C}.Debug|x64.Build.0 = Debug|Any CPU
		{57EAC433-0CF4-470E-AE00-A7E3ACC4459C}.Debug|x86.ActiveCfg = Debug|Any CPU
		{57EAC433-0CF4-470E-AE00-A7E3ACC4459C}.Debug|x86.Build.0 = Debug|Any CPU
		{57EAC433-0CF4-470E-AE00-A7E3ACC4459C}.Release|Any CPU.ActiveCfg = Release|Any CPU
		{57EAC433-0CF4-470E-AE00-A7E3ACC4459C}.Release|Any CPU.Build.0 = Release|Any CPU
		{57EAC433-0CF4-470E-AE00-A7E3ACC4459C}.Release|x64.ActiveCfg = Release|Any CPU
		{57EAC433-0CF4-470E-AE00-A7E3ACC4459C}.Release|x64.Build.0 = Release|Any CPU
		{57EAC433-0CF4-470E-AE00-A7E3ACC4459C}.Release|x86.ActiveCfg = Release|Any CPU
		{57EAC433-0CF4-470E-AE00-A7E3ACC4459C}.Release|x86.Build.0 = Release|Any CPU
		{29278E13-BCBE-43D4-A161-CC1E8CF77C6B}.Debug|Any CPU.ActiveCfg = Debug|Win32
		{29278E13-BCBE-43D4-A161-CC1E8CF77C6B}.Debug|x64.ActiveCfg = Debug|x64
		{29278E13-BCBE-43D4-A161-CC1E8CF77C6B}.Debug|x64.Build.0 = Debug|x64
		{29278E13-BCBE-43D4-A161-CC1E8CF77C6B}.Debug|x86.ActiveCfg = Debug|Win32
		{29278E13-BCBE-43D4-A161-CC1E8CF77C6B}.Debug|x86.Build.0 = Debug|Win32
		{29278E13-BCBE-43D4-A161-CC1E8CF77C6B}.Release|Any CPU.ActiveCfg = Release|Win32
		{29278E13-BCBE-43D4-A161-CC1E8CF77C6B}.Release|x64.ActiveCfg = Release|x64
		{29278E13-BCBE-43D4-A161-CC1E8CF77C6B}.Release|x64.Build.0 = Release|x64
		{29278E13-BCBE-43D4-A161-CC1E8CF77C6B}.Release|x86.ActiveCfg = Release|Win32
		{29278E13-BCBE-43D4-A161-CC1E8CF77C6B}.Release|x86.Build.0 = Release|Win32
		{A101FFC3-DEB5-40DD-AA20-7490741A5495}.Debug|Any CPU.ActiveCfg = Debug|Any CPU
		{A101FFC3-DEB5-40DD-AA20-7490741A5495}.Debug|Any CPU.Build.0 = Debug|Any CPU
		{A101FFC3-DEB5-40DD-AA20-7490741A5495}.Debug|x64.ActiveCfg = Debug|Any CPU
		{A101FFC3-DEB5-40DD-AA20-7490741A5495}.Debug|x64.Build.0 = Debug|Any CPU
		{A101FFC3-DEB5-40DD-AA20-7490741A5495}.Debug|x86.ActiveCfg = Debug|Any CPU
		{A101FFC3-DEB5-40DD-AA20-7490741A5495}.Debug|x86.Build.0 = Debug|Any CPU
		{A101FFC3-DEB5-40DD-AA20-7490741A5495}.Release|Any CPU.ActiveCfg = Release|Any CPU
		{A101FFC3-DEB5-40DD-AA20-7490741A5495}.Release|Any CPU.Build.0 = Release|Any CPU
		{A101FFC3-DEB5-40DD-AA20-7490741A5495}.Release|x64.ActiveCfg = Release|Any CPU
		{A101FFC3-DEB5-40DD-AA20-7490741A5495}.Release|x64.Build.0 = Release|Any CPU
		{A101FFC3-DEB5-40DD-AA20-7490741A5495}.Release|x86.ActiveCfg = Release|Any CPU
		{A101FFC3-DEB5-40DD-AA20-7490741A5495}.Release|x86.Build.0 = Release|Any CPU
		{23747F29-2A7A-4228-BBE3-B10FDFAEB82D}.Debug|Any CPU.ActiveCfg = Debug|Any CPU
		{23747F29-2A7A-4228-BBE3-B10FDFAEB82D}.Debug|Any CPU.Build.0 = Debug|Any CPU
		{23747F29-2A7A-4228-BBE3-B10FDFAEB82D}.Debug|x64.ActiveCfg = Debug|Any CPU
		{23747F29-2A7A-4228-BBE3-B10FDFAEB82D}.Debug|x64.Build.0 = Debug|Any CPU
		{23747F29-2A7A-4228-BBE3-B10FDFAEB82D}.Debug|x86.ActiveCfg = Debug|Any CPU
		{23747F29-2A7A-4228-BBE3-B10FDFAEB82D}.Debug|x86.Build.0 = Debug|Any CPU
		{23747F29-2A7A-4228-BBE3-B10FDFAEB82D}.Release|Any CPU.ActiveCfg = Release|Any CPU
		{23747F29-2A7A-4228-BBE3-B10FDFAEB82D}.Release|Any CPU.Build.0 = Release|Any CPU
		{23747F29-2A7A-4228-BBE3-B10FDFAEB82D}.Release|x64.ActiveCfg = Release|Any CPU
		{23747F29-2A7A-4228-BBE3-B10FDFAEB82D}.Release|x64.Build.0 = Release|Any CPU
		{23747F29-2A7A-4228-BBE3-B10FDFAEB82D}.Release|x86.ActiveCfg = Release|Any CPU
		{23747F29-2A7A-4228-BBE3-B10FDFAEB82D}.Release|x86.Build.0 = Release|Any CPU
		{F793548B-F628-4998-BF46-C8F39CA5CD41}.Debug|Any CPU.ActiveCfg = Debug|Any CPU
		{F793548B-F628-4998-BF46-C8F39CA5CD41}.Debug|Any CPU.Build.0 = Debug|Any CPU
		{F793548B-F628-4998-BF46-C8F39CA5CD41}.Debug|x64.ActiveCfg = Debug|Any CPU
		{F793548B-F628-4998-BF46-C8F39CA5CD41}.Debug|x64.Build.0 = Debug|Any CPU
		{F793548B-F628-4998-BF46-C8F39CA5CD41}.Debug|x86.ActiveCfg = Debug|Any CPU
		{F793548B-F628-4998-BF46-C8F39CA5CD41}.Debug|x86.Build.0 = Debug|Any CPU
		{F793548B-F628-4998-BF46-C8F39CA5CD41}.Release|Any CPU.ActiveCfg = Release|Any CPU
		{F793548B-F628-4998-BF46-C8F39CA5CD41}.Release|Any CPU.Build.0 = Release|Any CPU
		{F793548B-F628-4998-BF46-C8F39CA5CD41}.Release|x64.ActiveCfg = Release|Any CPU
		{F793548B-F628-4998-BF46-C8F39CA5CD41}.Release|x64.Build.0 = Release|Any CPU
		{F793548B-F628-4998-BF46-C8F39CA5CD41}.Release|x86.ActiveCfg = Release|Any CPU
		{F793548B-F628-4998-BF46-C8F39CA5CD41}.Release|x86.Build.0 = Release|Any CPU
	EndGlobalSection
	GlobalSection(SolutionProperties) = preSolution
		HideSolutionNode = FALSE
	EndGlobalSection
	GlobalSection(ExtensibilityGlobals) = postSolution
		SolutionGuid = {4CBDB7B0-08BA-4C47-907C-107C48BAFA54}
	EndGlobalSection
EndGlobal
