
Microsoft Visual Studio Solution File, Format Version 12.00
# Visual Studio Version 16
VisualStudioVersion = 16.0.29123.88
MinimumVisualStudioVersion = 10.0.40219.1
Project("{FAE04EC0-301F-11D3-BF4B-00C04F79EFBC}") = "CustomTaskScheduler", "CustomTaskScheduler\CustomTaskScheduler.csproj", "{1D88346B-1CC9-469B-ACDE-1B5C9E8880B2}"
EndProject
Project("{FAE04EC0-301F-11D3-BF4B-00C04F79EFBC}") = "CustomTaskSchedulerTests", "MyBestTaskSchedulerTests\CustomTaskSchedulerTests.csproj", "{B712CF2A-1588-47D4-B3C9-95A3F749BE1A}"
EndProject
Project("{FAE04EC0-301F-11D3-BF4B-00C04F79EFBC}") = "Expressions", "Expressions\Expressions.csproj", "{099C638D-8839-402A-8045-9BD4F7F8FE6C}"
EndProject
Project("{FAE04EC0-301F-11D3-BF4B-00C04F79EFBC}") = "ExpressionsTests", "ExpressionsTests\ExpressionsTests.csproj", "{C9C3B029-AB73-4B4C-9101-DC62227FE90D}"
EndProject
Global
	GlobalSection(SolutionConfigurationPlatforms) = preSolution
		Debug|Any CPU = Debug|Any CPU
		Release|Any CPU = Release|Any CPU
	EndGlobalSection
	GlobalSection(ProjectConfigurationPlatforms) = postSolution
		{1D88346B-1CC9-469B-ACDE-1B5C9E8880B2}.Debug|Any CPU.ActiveCfg = Debug|Any CPU
		{1D88346B-1CC9-469B-ACDE-1B5C9E8880B2}.Debug|Any CPU.Build.0 = Debug|Any CPU
		{1D88346B-1CC9-469B-ACDE-1B5C9E8880B2}.Release|Any CPU.ActiveCfg = Release|Any CPU
		{1D88346B-1CC9-469B-ACDE-1B5C9E8880B2}.Release|Any CPU.Build.0 = Release|Any CPU
		{B712CF2A-1588-47D4-B3C9-95A3F749BE1A}.Debug|Any CPU.ActiveCfg = Debug|Any CPU
		{B712CF2A-1588-47D4-B3C9-95A3F749BE1A}.Debug|Any CPU.Build.0 = Debug|Any CPU
		{B712CF2A-1588-47D4-B3C9-95A3F749BE1A}.Release|Any CPU.ActiveCfg = Release|Any CPU
		{B712CF2A-1588-47D4-B3C9-95A3F749BE1A}.Release|Any CPU.Build.0 = Release|Any CPU
		{099C638D-8839-402A-8045-9BD4F7F8FE6C}.Debug|Any CPU.ActiveCfg = Debug|Any CPU
		{099C638D-8839-402A-8045-9BD4F7F8FE6C}.Debug|Any CPU.Build.0 = Debug|Any CPU
		{099C638D-8839-402A-8045-9BD4F7F8FE6C}.Release|Any CPU.ActiveCfg = Release|Any CPU
		{099C638D-8839-402A-8045-9BD4F7F8FE6C}.Release|Any CPU.Build.0 = Release|Any CPU
		{C9C3B029-AB73-4B4C-9101-DC62227FE90D}.Debug|Any CPU.ActiveCfg = Debug|Any CPU
		{C9C3B029-AB73-4B4C-9101-DC62227FE90D}.Debug|Any CPU.Build.0 = Debug|Any CPU
		{C9C3B029-AB73-4B4C-9101-DC62227FE90D}.Release|Any CPU.ActiveCfg = Release|Any CPU
		{C9C3B029-AB73-4B4C-9101-DC62227FE90D}.Release|Any CPU.Build.0 = Release|Any CPU
	EndGlobalSection
	GlobalSection(SolutionProperties) = preSolution
		HideSolutionNode = FALSE
	EndGlobalSection
	GlobalSection(ExtensibilityGlobals) = postSolution
		SolutionGuid = {4CBDB7B0-08BA-4C47-907C-107C48BAFA54}
	EndGlobalSection
EndGlobal
